// !$*UTF8*$!
{
	archiveVersion = 1;
	classes = {
	};
	objectVersion = 50;
	objects = {

/* Begin PBXBuildFile section */
		C4B64857222E24AA00AF2CDC /* Settings.swift in Sources */ = {isa = PBXBuildFile; fileRef = C4B64856222E24AA00AF2CDC /* Settings.swift */; };
		C4FDF64B22240802005A05EF /* AppDelegate.swift in Sources */ = {isa = PBXBuildFile; fileRef = C4FDF64A22240802005A05EF /* AppDelegate.swift */; };
		C4FDF64D22240804005A05EF /* Assets.xcassets in Resources */ = {isa = PBXBuildFile; fileRef = C4FDF64C22240804005A05EF /* Assets.xcassets */; };
		C4FDF65022240804005A05EF /* MainMenu.xib in Resources */ = {isa = PBXBuildFile; fileRef = C4FDF64E22240804005A05EF /* MainMenu.xib */; };
		C4FDF659222410BE005A05EF /* ClockMenuController.swift in Sources */ = {isa = PBXBuildFile; fileRef = C4FDF658222410BE005A05EF /* ClockMenuController.swift */; };
		C4FDF65B2225611F005A05EF /* Timezones.swift in Sources */ = {isa = PBXBuildFile; fileRef = C4FDF65A2225611F005A05EF /* Timezones.swift */; };
		C4FDF65D22257222005A05EF /* ClockView.swift in Sources */ = {isa = PBXBuildFile; fileRef = C4FDF65C22257222005A05EF /* ClockView.swift */; };
		C4FDF67E222AA064005A05EF /* PreferencesWindow.swift in Sources */ = {isa = PBXBuildFile; fileRef = C4FDF67C222AA064005A05EF /* PreferencesWindow.swift */; };
		C4FDF67F222AA064005A05EF /* PreferencesWindow.xib in Resources */ = {isa = PBXBuildFile; fileRef = C4FDF67D222AA064005A05EF /* PreferencesWindow.xib */; };
		C4FDF68B222B8583005A05EF /* NSTokenField+ACBExtension.swift in Sources */ = {isa = PBXBuildFile; fileRef = C4FDF68A222B8582005A05EF /* NSTokenField+ACBExtension.swift */; };
		C4FDF68D222B858B005A05EF /* ACBAssociation.swift in Sources */ = {isa = PBXBuildFile; fileRef = C4FDF68C222B858B005A05EF /* ACBAssociation.swift */; };
		C4FDF68F222B8595005A05EF /* ACBToken.swift in Sources */ = {isa = PBXBuildFile; fileRef = C4FDF68E222B8595005A05EF /* ACBToken.swift */; };
/* End PBXBuildFile section */

/* Begin PBXFileReference section */
		C4B64856222E24AA00AF2CDC /* Settings.swift */ = {isa = PBXFileReference; lastKnownFileType = sourcecode.swift; path = Settings.swift; sourceTree = "<group>"; };
		C4FDF64722240802005A05EF /* WorldClock.app */ = {isa = PBXFileReference; explicitFileType = wrapper.application; includeInIndex = 0; path = WorldClock.app; sourceTree = BUILT_PRODUCTS_DIR; };
		C4FDF64A22240802005A05EF /* AppDelegate.swift */ = {isa = PBXFileReference; lastKnownFileType = sourcecode.swift; path = AppDelegate.swift; sourceTree = "<group>"; };
		C4FDF64C22240804005A05EF /* Assets.xcassets */ = {isa = PBXFileReference; lastKnownFileType = folder.assetcatalog; path = Assets.xcassets; sourceTree = "<group>"; };
		C4FDF64F22240804005A05EF /* Base */ = {isa = PBXFileReference; lastKnownFileType = file.xib; name = Base; path = Base.lproj/MainMenu.xib; sourceTree = "<group>"; };
		C4FDF65122240804005A05EF /* Info.plist */ = {isa = PBXFileReference; lastKnownFileType = text.plist.xml; path = Info.plist; sourceTree = "<group>"; };
		C4FDF65222240804005A05EF /* WorldClock.entitlements */ = {isa = PBXFileReference; lastKnownFileType = text.plist.entitlements; path = WorldClock.entitlements; sourceTree = "<group>"; };
		C4FDF658222410BE005A05EF /* ClockMenuController.swift */ = {isa = PBXFileReference; lastKnownFileType = sourcecode.swift; path = ClockMenuController.swift; sourceTree = "<group>"; };
		C4FDF65A2225611F005A05EF /* Timezones.swift */ = {isa = PBXFileReference; lastKnownFileType = sourcecode.swift; path = Timezones.swift; sourceTree = "<group>"; };
		C4FDF65C22257222005A05EF /* ClockView.swift */ = {isa = PBXFileReference; lastKnownFileType = sourcecode.swift; path = ClockView.swift; sourceTree = "<group>"; };
		C4FDF67C222AA064005A05EF /* PreferencesWindow.swift */ = {isa = PBXFileReference; lastKnownFileType = sourcecode.swift; path = PreferencesWindow.swift; sourceTree = "<group>"; };
		C4FDF67D222AA064005A05EF /* PreferencesWindow.xib */ = {isa = PBXFileReference; lastKnownFileType = file.xib; path = PreferencesWindow.xib; sourceTree = "<group>"; };
		C4FDF68A222B8582005A05EF /* NSTokenField+ACBExtension.swift */ = {isa = PBXFileReference; fileEncoding = 4; lastKnownFileType = sourcecode.swift; path = "NSTokenField+ACBExtension.swift"; sourceTree = "<group>"; };
		C4FDF68C222B858B005A05EF /* ACBAssociation.swift */ = {isa = PBXFileReference; fileEncoding = 4; lastKnownFileType = sourcecode.swift; path = ACBAssociation.swift; sourceTree = "<group>"; };
		C4FDF68E222B8595005A05EF /* ACBToken.swift */ = {isa = PBXFileReference; fileEncoding = 4; lastKnownFileType = sourcecode.swift; path = ACBToken.swift; sourceTree = "<group>"; };
/* End PBXFileReference section */

/* Begin PBXFrameworksBuildPhase section */
		C4FDF64422240802005A05EF /* Frameworks */ = {
			isa = PBXFrameworksBuildPhase;
			buildActionMask = 2147483647;
			files = (
			);
			runOnlyForDeploymentPostprocessing = 0;
		};
/* End PBXFrameworksBuildPhase section */

/* Begin PBXGroup section */
		C4FDF63E22240802005A05EF = {
			isa = PBXGroup;
			children = (
				C4FDF64922240802005A05EF /* WorldClock */,
				C4FDF64822240802005A05EF /* Products */,
			);
			sourceTree = "<group>";
		};
		C4FDF64822240802005A05EF /* Products */ = {
			isa = PBXGroup;
			children = (
				C4FDF64722240802005A05EF /* WorldClock.app */,
			);
			name = Products;
			sourceTree = "<group>";
		};
		C4FDF64922240802005A05EF /* WorldClock */ = {
			isa = PBXGroup;
			children = (
				C4B64856222E24AA00AF2CDC /* Settings.swift */,
				C4FDF658222410BE005A05EF /* ClockMenuController.swift */,
				C4FDF689222B82F0005A05EF /* Models */,
				C4FDF688222B82C4005A05EF /* Views */,
				C4FDF64C22240804005A05EF /* Assets.xcassets */,
				C4FDF64A22240802005A05EF /* AppDelegate.swift */,
				C4FDF65122240804005A05EF /* Info.plist */,
				C4FDF65222240804005A05EF /* WorldClock.entitlements */,
				C4FDF687222B82A1005A05EF /* External */,
			);
			path = WorldClock;
			sourceTree = "<group>";
		};
		C4FDF680222B8282005A05EF /* ACBTokenField */ = {
			isa = PBXGroup;
			children = (
				C4FDF68A222B8582005A05EF /* NSTokenField+ACBExtension.swift */,
				C4FDF68C222B858B005A05EF /* ACBAssociation.swift */,
				C4FDF68E222B8595005A05EF /* ACBToken.swift */,
			);
			path = ACBTokenField;
			sourceTree = "<group>";
		};
		C4FDF687222B82A1005A05EF /* External */ = {
			isa = PBXGroup;
			children = (
				C4FDF680222B8282005A05EF /* ACBTokenField */,
			);
			path = External;
			sourceTree = "<group>";
		};
		C4FDF688222B82C4005A05EF /* Views */ = {
			isa = PBXGroup;
			children = (
				C4FDF64E22240804005A05EF /* MainMenu.xib */,
				C4FDF65C22257222005A05EF /* ClockView.swift */,
				C4FDF67C222AA064005A05EF /* PreferencesWindow.swift */,
				C4FDF67D222AA064005A05EF /* PreferencesWindow.xib */,
			);
			path = Views;
			sourceTree = "<group>";
		};
		C4FDF689222B82F0005A05EF /* Models */ = {
			isa = PBXGroup;
			children = (
				C4FDF65A2225611F005A05EF /* Timezones.swift */,
			);
			path = Models;
			sourceTree = "<group>";
		};
/* End PBXGroup section */

/* Begin PBXNativeTarget section */
		C4FDF64622240802005A05EF /* WorldClock */ = {
			isa = PBXNativeTarget;
			buildConfigurationList = C4FDF65522240804005A05EF /* Build configuration list for PBXNativeTarget "WorldClock" */;
			buildPhases = (
				C4FDF64322240802005A05EF /* Sources */,
				C4FDF64422240802005A05EF /* Frameworks */,
				C4FDF64522240802005A05EF /* Resources */,
			);
			buildRules = (
			);
			dependencies = (
			);
			name = WorldClock;
			productName = WorldClock;
			productReference = C4FDF64722240802005A05EF /* WorldClock.app */;
			productType = "com.apple.product-type.application";
		};
/* End PBXNativeTarget section */

/* Begin PBXProject section */
		C4FDF63F22240802005A05EF /* Project object */ = {
			isa = PBXProject;
			attributes = {
				LastSwiftUpdateCheck = 1010;
				LastUpgradeCheck = 1010;
				ORGANIZATIONNAME = "Jacob Gold";
				TargetAttributes = {
					C4FDF64622240802005A05EF = {
						CreatedOnToolsVersion = 10.1;
					};
				};
			};
			buildConfigurationList = C4FDF64222240802005A05EF /* Build configuration list for PBXProject "WorldClock" */;
			compatibilityVersion = "Xcode 9.3";
			developmentRegion = en;
			hasScannedForEncodings = 0;
			knownRegions = (
				en,
				Base,
			);
			mainGroup = C4FDF63E22240802005A05EF;
			productRefGroup = C4FDF64822240802005A05EF /* Products */;
			projectDirPath = "";
			projectRoot = "";
			targets = (
				C4FDF64622240802005A05EF /* WorldClock */,
			);
		};
/* End PBXProject section */

/* Begin PBXResourcesBuildPhase section */
		C4FDF64522240802005A05EF /* Resources */ = {
			isa = PBXResourcesBuildPhase;
			buildActionMask = 2147483647;
			files = (
				C4FDF64D22240804005A05EF /* Assets.xcassets in Resources */,
				C4FDF67F222AA064005A05EF /* PreferencesWindow.xib in Resources */,
				C4FDF65022240804005A05EF /* MainMenu.xib in Resources */,
			);
			runOnlyForDeploymentPostprocessing = 0;
		};
/* End PBXResourcesBuildPhase section */

/* Begin PBXSourcesBuildPhase section */
		C4FDF64322240802005A05EF /* Sources */ = {
			isa = PBXSourcesBuildPhase;
			buildActionMask = 2147483647;
			files = (
				C4FDF68F222B8595005A05EF /* ACBToken.swift in Sources */,
				C4FDF64B22240802005A05EF /* AppDelegate.swift in Sources */,
				C4FDF67E222AA064005A05EF /* PreferencesWindow.swift in Sources */,
				C4FDF65D22257222005A05EF /* ClockView.swift in Sources */,
				C4FDF659222410BE005A05EF /* ClockMenuController.swift in Sources */,
				C4FDF68B222B8583005A05EF /* NSTokenField+ACBExtension.swift in Sources */,
				C4B64857222E24AA00AF2CDC /* Settings.swift in Sources */,
				C4FDF68D222B858B005A05EF /* ACBAssociation.swift in Sources */,
				C4FDF65B2225611F005A05EF /* Timezones.swift in Sources */,
			);
			runOnlyForDeploymentPostprocessing = 0;
		};
/* End PBXSourcesBuildPhase section */

/* Begin PBXVariantGroup section */
		C4FDF64E22240804005A05EF /* MainMenu.xib */ = {
			isa = PBXVariantGroup;
			children = (
				C4FDF64F22240804005A05EF /* Base */,
			);
			name = MainMenu.xib;
			sourceTree = "<group>";
		};
/* End PBXVariantGroup section */

/* Begin XCBuildConfiguration section */
		C4FDF65322240804005A05EF /* Debug */ = {
			isa = XCBuildConfiguration;
			buildSettings = {
				ALWAYS_SEARCH_USER_PATHS = NO;
				CLANG_ANALYZER_NONNULL = YES;
				CLANG_ANALYZER_NUMBER_OBJECT_CONVERSION = YES_AGGRESSIVE;
				CLANG_CXX_LANGUAGE_STANDARD = "gnu++14";
				CLANG_CXX_LIBRARY = "libc++";
				CLANG_ENABLE_MODULES = YES;
				CLANG_ENABLE_OBJC_ARC = YES;
				CLANG_ENABLE_OBJC_WEAK = YES;
				CLANG_WARN_BLOCK_CAPTURE_AUTORELEASING = YES;
				CLANG_WARN_BOOL_CONVERSION = YES;
				CLANG_WARN_COMMA = YES;
				CLANG_WARN_CONSTANT_CONVERSION = YES;
				CLANG_WARN_DEPRECATED_OBJC_IMPLEMENTATIONS = YES;
				CLANG_WARN_DIRECT_OBJC_ISA_USAGE = YES_ERROR;
				CLANG_WARN_DOCUMENTATION_COMMENTS = YES;
				CLANG_WARN_EMPTY_BODY = YES;
				CLANG_WARN_ENUM_CONVERSION = YES;
				CLANG_WARN_INFINITE_RECURSION = YES;
				CLANG_WARN_INT_CONVERSION = YES;
				CLANG_WARN_NON_LITERAL_NULL_CONVERSION = YES;
				CLANG_WARN_OBJC_IMPLICIT_RETAIN_SELF = YES;
				CLANG_WARN_OBJC_LITERAL_CONVERSION = YES;
				CLANG_WARN_OBJC_ROOT_CLASS = YES_ERROR;
				CLANG_WARN_RANGE_LOOP_ANALYSIS = YES;
				CLANG_WARN_STRICT_PROTOTYPES = YES;
				CLANG_WARN_SUSPICIOUS_MOVE = YES;
				CLANG_WARN_UNGUARDED_AVAILABILITY = YES_AGGRESSIVE;
				CLANG_WARN_UNREACHABLE_CODE = YES;
				CLANG_WARN__DUPLICATE_METHOD_MATCH = YES;
				CODE_SIGN_IDENTITY = "Mac Developer";
				COPY_PHASE_STRIP = NO;
				DEBUG_INFORMATION_FORMAT = dwarf;
				ENABLE_STRICT_OBJC_MSGSEND = YES;
				ENABLE_TESTABILITY = YES;
				GCC_C_LANGUAGE_STANDARD = gnu11;
				GCC_DYNAMIC_NO_PIC = NO;
				GCC_NO_COMMON_BLOCKS = YES;
				GCC_OPTIMIZATION_LEVEL = 0;
				GCC_PREPROCESSOR_DEFINITIONS = (
					"DEBUG=1",
					"$(inherited)",
				);
				GCC_WARN_64_TO_32_BIT_CONVERSION = YES;
				GCC_WARN_ABOUT_RETURN_TYPE = YES_ERROR;
				GCC_WARN_UNDECLARED_SELECTOR = YES;
				GCC_WARN_UNINITIALIZED_AUTOS = YES_AGGRESSIVE;
				GCC_WARN_UNUSED_FUNCTION = YES;
				GCC_WARN_UNUSED_VARIABLE = YES;
				MACOSX_DEPLOYMENT_TARGET = 10.14;
				MTL_ENABLE_DEBUG_INFO = INCLUDE_SOURCE;
				MTL_FAST_MATH = YES;
				ONLY_ACTIVE_ARCH = YES;
				SDKROOT = macosx;
				SWIFT_ACTIVE_COMPILATION_CONDITIONS = DEBUG;
				SWIFT_OPTIMIZATION_LEVEL = "-Onone";
			};
			name = Debug;
		};
		C4FDF65422240804005A05EF /* Release */ = {
			isa = XCBuildConfiguration;
			buildSettings = {
				ALWAYS_SEARCH_USER_PATHS = NO;
				CLANG_ANALYZER_NONNULL = YES;
				CLANG_ANALYZER_NUMBER_OBJECT_CONVERSION = YES_AGGRESSIVE;
				CLANG_CXX_LANGUAGE_STANDARD = "gnu++14";
				CLANG_CXX_LIBRARY = "libc++";
				CLANG_ENABLE_MODULES = YES;
				CLANG_ENABLE_OBJC_ARC = YES;
				CLANG_ENABLE_OBJC_WEAK = YES;
				CLANG_WARN_BLOCK_CAPTURE_AUTORELEASING = YES;
				CLANG_WARN_BOOL_CONVERSION = YES;
				CLANG_WARN_COMMA = YES;
				CLANG_WARN_CONSTANT_CONVERSION = YES;
				CLANG_WARN_DEPRECATED_OBJC_IMPLEMENTATIONS = YES;
				CLANG_WARN_DIRECT_OBJC_ISA_USAGE = YES_ERROR;
				CLANG_WARN_DOCUMENTATION_COMMENTS = YES;
				CLANG_WARN_EMPTY_BODY = YES;
				CLANG_WARN_ENUM_CONVERSION = YES;
				CLANG_WARN_INFINITE_RECURSION = YES;
				CLANG_WARN_INT_CONVERSION = YES;
				CLANG_WARN_NON_LITERAL_NULL_CONVERSION = YES;
				CLANG_WARN_OBJC_IMPLICIT_RETAIN_SELF = YES;
				CLANG_WARN_OBJC_LITERAL_CONVERSION = YES;
				CLANG_WARN_OBJC_ROOT_CLASS = YES_ERROR;
				CLANG_WARN_RANGE_LOOP_ANALYSIS = YES;
				CLANG_WARN_STRICT_PROTOTYPES = YES;
				CLANG_WARN_SUSPICIOUS_MOVE = YES;
				CLANG_WARN_UNGUARDED_AVAILABILITY = YES_AGGRESSIVE;
				CLANG_WARN_UNREACHABLE_CODE = YES;
				CLANG_WARN__DUPLICATE_METHOD_MATCH = YES;
				CODE_SIGN_IDENTITY = "Mac Developer";
				COPY_PHASE_STRIP = NO;
				DEBUG_INFORMATION_FORMAT = "dwarf-with-dsym";
				ENABLE_NS_ASSERTIONS = NO;
				ENABLE_STRICT_OBJC_MSGSEND = YES;
				GCC_C_LANGUAGE_STANDARD = gnu11;
				GCC_NO_COMMON_BLOCKS = YES;
				GCC_WARN_64_TO_32_BIT_CONVERSION = YES;
				GCC_WARN_ABOUT_RETURN_TYPE = YES_ERROR;
				GCC_WARN_UNDECLARED_SELECTOR = YES;
				GCC_WARN_UNINITIALIZED_AUTOS = YES_AGGRESSIVE;
				GCC_WARN_UNUSED_FUNCTION = YES;
				GCC_WARN_UNUSED_VARIABLE = YES;
				MACOSX_DEPLOYMENT_TARGET = 10.14;
				MTL_ENABLE_DEBUG_INFO = NO;
				MTL_FAST_MATH = YES;
				SDKROOT = macosx;
				SWIFT_COMPILATION_MODE = wholemodule;
				SWIFT_OPTIMIZATION_LEVEL = "-O";
			};
			name = Release;
		};
		C4FDF65622240804005A05EF /* Debug */ = {
			isa = XCBuildConfiguration;
			buildSettings = {
				ASSETCATALOG_COMPILER_APPICON_NAME = AppIcon;
				CODE_SIGN_ENTITLEMENTS = WorldClock/WorldClock.entitlements;
				CODE_SIGN_STYLE = Automatic;
				COMBINE_HIDPI_IMAGES = YES;
				DEVELOPMENT_TEAM = MDDBG3J939;
				INFOPLIST_FILE = WorldClock/Info.plist;
				LD_RUNPATH_SEARCH_PATHS = (
					"$(inherited)",
					"@executable_path/../Frameworks",
				);
				PRODUCT_BUNDLE_IDENTIFIER = com.gold.WorldClock;
				PRODUCT_NAME = "$(TARGET_NAME)";
				SWIFT_VERSION = 4.2;
			};
			name = Debug;
		};
		C4FDF65722240804005A05EF /* Release */ = {
			isa = XCBuildConfiguration;
			buildSettings = {
				ASSETCATALOG_COMPILER_APPICON_NAME = AppIcon;
				CODE_SIGN_ENTITLEMENTS = WorldClock/WorldClock.entitlements;
				CODE_SIGN_STYLE = Automatic;
				COMBINE_HIDPI_IMAGES = YES;
				DEVELOPMENT_TEAM = MDDBG3J939;
				INFOPLIST_FILE = WorldClock/Info.plist;
				LD_RUNPATH_SEARCH_PATHS = (
					"$(inherited)",
					"@executable_path/../Frameworks",
				);
				PRODUCT_BUNDLE_IDENTIFIER = com.gold.WorldClock;
				PRODUCT_NAME = "$(TARGET_NAME)";
				SWIFT_VERSION = 4.2;
			};
			name = Release;
		};
/* End XCBuildConfiguration section */

/* Begin XCConfigurationList section */
		C4FDF64222240802005A05EF /* Build configuration list for PBXProject "WorldClock" */ = {
			isa = XCConfigurationList;
			buildConfigurations = (
				C4FDF65322240804005A05EF /* Debug */,
				C4FDF65422240804005A05EF /* Release */,
			);
			defaultConfigurationIsVisible = 0;
			defaultConfigurationName = Release;
		};
		C4FDF65522240804005A05EF /* Build configuration list for PBXNativeTarget "WorldClock" */ = {
			isa = XCConfigurationList;
			buildConfigurations = (
				C4FDF65622240804005A05EF /* Debug */,
				C4FDF65722240804005A05EF /* Release */,
			);
			defaultConfigurationIsVisible = 0;
			defaultConfigurationName = Release;
		};
/* End XCConfigurationList section */
	};
	rootObject = C4FDF63F22240802005A05EF /* Project object */;
}
